{
  "name": "trianglify-test",
  "version": "1.0.0",
  "lockfileVersion": 3,
  "requires": true,
  "packages": {
    "": {
      "name": "trianglify-test",
      "version": "1.0.0",
      "dependencies": {
        "trianglify": "file:.."
      }
    },
    "..": {
      "version": "4.2.0",
      "license": "GPL-3.0",
      "dependencies": {
        "chroma-js": "^2.4.2",
        "delaunator": "^5.0.0"
      },
      "devDependencies": {
        "@rollup/plugin-commonjs": "^25.0.0",
        "@rollup/plugin-node-resolve": "^15.0.0",
        "eslint": "^8.50.0",
        "jest": "^29.7.0",
        "rollup": "^4.0.0"
      },
      "engines": {
        "node": ">=18.0.0"
      },
      "peerDependencies": {
        "canvas": "^2.11.0"
      },
      "peerDependenciesMeta": {
        "canvas": {
          "optional": true
        }
      }
    },
    "node_modules/trianglify": {
      "resolved": "..",
      "link": true
    }
  }
}
